// !$*UTF8*$!
{
	archiveVersion = 1;
	classes = {
	};
	objectVersion = 46;
	objects = {

/* Begin PBXBuildFile section */
		9438A8381CBD073E00CABD4C /* AppDelegate.swift in Sources */ = {isa = PBXBuildFile; fileRef = 9438A8371CBD073E00CABD4C /* AppDelegate.swift */; };
		9438A83A1CBD073E00CABD4C /* ViewController.swift in Sources */ = {isa = PBXBuildFile; fileRef = 9438A8391CBD073E00CABD4C /* ViewController.swift */; };
		9438A83D1CBD073E00CABD4C /* Main.storyboard in Resources */ = {isa = PBXBuildFile; fileRef = 9438A83B1CBD073E00CABD4C /* Main.storyboard */; };
		9438A83F1CBD073E00CABD4C /* Assets.xcassets in Resources */ = {isa = PBXBuildFile; fileRef = 9438A83E1CBD073E00CABD4C /* Assets.xcassets */; };
		9438A8421CBD073E00CABD4C /* LaunchScreen.storyboard in Resources */ = {isa = PBXBuildFile; fileRef = 9438A8401CBD073E00CABD4C /* LaunchScreen.storyboard */; };
		9438A84D1CBD073F00CABD4C /* HelloWorldTests.swift in Sources */ = {isa = PBXBuildFile; fileRef = 9438A84C1CBD073F00CABD4C /* HelloWorldTests.swift */; };
		9438A8581CBD073F00CABD4C /* HelloWorldUITests.swift in Sources */ = {isa = PBXBuildFile; fileRef = 9438A8571CBD073F00CABD4C /* HelloWorldUITests.swift */; };
/* End PBXBuildFile section */

/* Begin PBXContainerItemProxy section */
		9438A8491CBD073F00CABD4C /* PBXContainerItemProxy */ = {
			isa = PBXContainerItemProxy;
			containerPortal = 9438A82C1CBD073E00CABD4C /* Project object */;
			proxyType = 1;
			remoteGlobalIDString = 9438A8331CBD073E00CABD4C;
			remoteInfo = HelloWorld;
		};
		9438A8541CBD073F00CABD4C /* PBXContainerItemProxy */ = {
			isa = PBXContainerItemProxy;
			containerPortal = 9438A82C1CBD073E00CABD4C /* Project object */;
			proxyType = 1;
			remoteGlobalIDString = 9438A8331CBD073E00CABD4C;
			remoteInfo = HelloWorld;
		};
/* End PBXContainerItemProxy section */

/* Begin PBXFileReference section */
		9438A8341CBD073E00CABD4C /* HelloWorld.app */ = {isa = PBXFileReference; explicitFileType = wrapper.application; includeInIndex = 0; path = HelloWorld.app; sourceTree = BUILT_PRODUCTS_DIR; };
		9438A8371CBD073E00CABD4C /* AppDelegate.swift */ = {isa = PBXFileReference; lastKnownFileType = sourcecode.swift; path = AppDelegate.swift; sourceTree = "<group>"; };
		9438A8391CBD073E00CABD4C /* ViewController.swift */ = {isa = PBXFileReference; lastKnownFileType = sourcecode.swift; path = ViewController.swift; sourceTree = "<group>"; };
		9438A83C1CBD073E00CABD4C /* Base */ = {isa = PBXFileReference; lastKnownFileType = file.storyboard; name = Base; path = Base.lproj/Main.storyboard; sourceTree = "<group>"; };
		9438A83E1CBD073E00CABD4C /* Assets.xcassets */ = {isa = PBXFileReference; lastKnownFileType = folder.assetcatalog; path = Assets.xcassets; sourceTree = "<group>"; };
		9438A8411CBD073E00CABD4C /* Base */ = {isa = PBXFileReference; lastKnownFileType = file.storyboard; name = Base; path = Base.lproj/LaunchScreen.storyboard; sourceTree = "<group>"; };
		9438A8431CBD073E00CABD4C /* Info.plist */ = {isa = PBXFileReference; lastKnownFileType = text.plist.xml; path = Info.plist; sourceTree = "<group>"; };
		9438A8481CBD073F00CABD4C /* HelloWorldTests.xctest */ = {isa = PBXFileReference; explicitFileType = wrapper.cfbundle; includeInIndex = 0; path = HelloWorldTests.xctest; sourceTree = BUILT_PRODUCTS_DIR; };
		9438A84C1CBD073F00CABD4C /* HelloWorldTests.swift */ = {isa = PBXFileReference; lastKnownFileType = sourcecode.swift; path = HelloWorldTests.swift; sourceTree = "<group>"; };
		9438A84E1CBD073F00CABD4C /* Info.plist */ = {isa = PBXFileReference; lastKnownFileType = text.plist.xml; path = Info.plist; sourceTree = "<group>"; };
		9438A8531CBD073F00CABD4C /* HelloWorldUITests.xctest */ = {isa = PBXFileReference; explicitFileType = wrapper.cfbundle; includeInIndex = 0; path = HelloWorldUITests.xctest; sourceTree = BUILT_PRODUCTS_DIR; };
		9438A8571CBD073F00CABD4C /* HelloWorldUITests.swift */ = {isa = PBXFileReference; lastKnownFileType = sourcecode.swift; path = HelloWorldUITests.swift; sourceTree = "<group>"; };
		9438A8591CBD073F00CABD4C /* Info.plist */ = {isa = PBXFileReference; lastKnownFileType = text.plist.xml; path = Info.plist; sourceTree = "<group>"; };
/* End PBXFileReference section */

/* Begin PBXFrameworksBuildPhase section */
		9438A8311CBD073E00CABD4C /* Frameworks */ = {
			isa = PBXFrameworksBuildPhase;
			buildActionMask = 2147483647;
			files = (
			);
			runOnlyForDeploymentPostprocessing = 0;
		};
		9438A8451CBD073F00CABD4C /* Frameworks */ = {
			isa = PBXFrameworksBuildPhase;
			buildActionMask = 2147483647;
			files = (
			);
			runOnlyForDeploymentPostprocessing = 0;
		};
		9438A8501CBD073F00CABD4C /* Frameworks */ = {
			isa = PBXFrameworksBuildPhase;
			buildActionMask = 2147483647;
			files = (
			);
			runOnlyForDeploymentPostprocessing = 0;
		};
/* End PBXFrameworksBuildPhase section */

/* Begin PBXGroup section */
		9438A82B1CBD073E00CABD4C = {
			isa = PBXGroup;
			children = (
				9438A8361CBD073E00CABD4C /* HelloWorld */,
				9438A84B1CBD073F00CABD4C /* HelloWorldTests */,
				9438A8561CBD073F00CABD4C /* HelloWorldUITests */,
				9438A8351CBD073E00CABD4C /* Products */,
			);
			sourceTree = "<group>";
		};
		9438A8351CBD073E00CABD4C /* Products */ = {
			isa = PBXGroup;
			children = (
				9438A8341CBD073E00CABD4C /* HelloWorld.app */,
				9438A8481CBD073F00CABD4C /* HelloWorldTests.xctest */,
				9438A8531CBD073F00CABD4C /* HelloWorldUITests.xctest */,
			);
			name = Products;
			sourceTree = "<group>";
		};
		9438A8361CBD073E00CABD4C /* HelloWorld */ = {
			isa = PBXGroup;
			children = (
				9438A8371CBD073E00CABD4C /* AppDelegate.swift */,
				9438A8391CBD073E00CABD4C /* ViewController.swift */,
				9438A83B1CBD073E00CABD4C /* Main.storyboard */,
				9438A83E1CBD073E00CABD4C /* Assets.xcassets */,
				9438A8401CBD073E00CABD4C /* LaunchScreen.storyboard */,
				9438A8431CBD073E00CABD4C /* Info.plist */,
			);
			path = HelloWorld;
			sourceTree = "<group>";
		};
		9438A84B1CBD073F00CABD4C /* HelloWorldTests */ = {
			isa = PBXGroup;
			children = (
				9438A84C1CBD073F00CABD4C /* HelloWorldTests.swift */,
				9438A84E1CBD073F00CABD4C /* Info.plist */,
			);
			path = HelloWorldTests;
			sourceTree = "<group>";
		};
		9438A8561CBD073F00CABD4C /* HelloWorldUITests */ = {
			isa = PBXGroup;
			children = (
				9438A8571CBD073F00CABD4C /* HelloWorldUITests.swift */,
				9438A8591CBD073F00CABD4C /* Info.plist */,
			);
			path = HelloWorldUITests;
			sourceTree = "<group>";
		};
/* End PBXGroup section */

/* Begin PBXNativeTarget section */
		9438A8331CBD073E00CABD4C /* HelloWorld */ = {
			isa = PBXNativeTarget;
			buildConfigurationList = 9438A85C1CBD073F00CABD4C /* Build configuration list for PBXNativeTarget "HelloWorld" */;
			buildPhases = (
				9438A8301CBD073E00CABD4C /* Sources */,
				9438A8311CBD073E00CABD4C /* Frameworks */,
				9438A8321CBD073E00CABD4C /* Resources */,
			);
			buildRules = (
			);
			dependencies = (
			);
			name = HelloWorld;
			productName = HelloWorld;
			productReference = 9438A8341CBD073E00CABD4C /* HelloWorld.app */;
			productType = "com.apple.product-type.application";
		};
		9438A8471CBD073F00CABD4C /* HelloWorldTests */ = {
			isa = PBXNativeTarget;
			buildConfigurationList = 9438A85F1CBD073F00CABD4C /* Build configuration list for PBXNativeTarget "HelloWorldTests" */;
			buildPhases = (
				9438A8441CBD073F00CABD4C /* Sources */,
				9438A8451CBD073F00CABD4C /* Frameworks */,
				9438A8461CBD073F00CABD4C /* Resources */,
			);
			buildRules = (
			);
			dependencies = (
				9438A84A1CBD073F00CABD4C /* PBXTargetDependency */,
			);
			name = HelloWorldTests;
			productName = HelloWorldTests;
			productReference = 9438A8481CBD073F00CABD4C /* HelloWorldTests.xctest */;
			productType = "com.apple.product-type.bundle.unit-test";
		};
		9438A8521CBD073F00CABD4C /* HelloWorldUITests */ = {
			isa = PBXNativeTarget;
			buildConfigurationList = 9438A8621CBD073F00CABD4C /* Build configuration list for PBXNativeTarget "HelloWorldUITests" */;
			buildPhases = (
				9438A84F1CBD073F00CABD4C /* Sources */,
				9438A8501CBD073F00CABD4C /* Frameworks */,
				9438A8511CBD073F00CABD4C /* Resources */,
			);
			buildRules = (
			);
			dependencies = (
				9438A8551CBD073F00CABD4C /* PBXTargetDependency */,
			);
			name = HelloWorldUITests;
			productName = HelloWorldUITests;
			productReference = 9438A8531CBD073F00CABD4C /* HelloWorldUITests.xctest */;
			productType = "com.apple.product-type.bundle.ui-testing";
		};
/* End PBXNativeTarget section */

/* Begin PBXProject section */
		9438A82C1CBD073E00CABD4C /* Project object */ = {
			isa = PBXProject;
			attributes = {
				LastSwiftUpdateCheck = 0720;
				LastUpgradeCheck = 0720;
				ORGANIZATIONNAME = JSCON;
				TargetAttributes = {
					9438A8331CBD073E00CABD4C = {
						CreatedOnToolsVersion = 7.2.1;
					};
					9438A8471CBD073F00CABD4C = {
						CreatedOnToolsVersion = 7.2.1;
						TestTargetID = 9438A8331CBD073E00CABD4C;
					};
					9438A8521CBD073F00CABD4C = {
						CreatedOnToolsVersion = 7.2.1;
						TestTargetID = 9438A8331CBD073E00CABD4C;
					};
				};
			};
			buildConfigurationList = 9438A82F1CBD073E00CABD4C /* Build configuration list for PBXProject "HelloWorld" */;
			compatibilityVersion = "Xcode 3.2";
			developmentRegion = English;
			hasScannedForEncodings = 0;
			knownRegions = (
				en,
				Base,
			);
			mainGroup = 9438A82B1CBD073E00CABD4C;
			productRefGroup = 9438A8351CBD073E00CABD4C /* Products */;
			projectDirPath = "";
			projectRoot = "";
			targets = (
				9438A8331CBD073E00CABD4C /* HelloWorld */,
				9438A8471CBD073F00CABD4C /* HelloWorldTests */,
				9438A8521CBD073F00CABD4C /* HelloWorldUITests */,
			);
		};
/* End PBXProject section */

/* Begin PBXResourcesBuildPhase section */
		9438A8321CBD073E00CABD4C /* Resources */ = {
			isa = PBXResourcesBuildPhase;
			buildActionMask = 2147483647;
			files = (
				9438A8421CBD073E00CABD4C /* LaunchScreen.storyboard in Resources */,
				9438A83F1CBD073E00CABD4C /* Assets.xcassets in Resources */,
				9438A83D1CBD073E00CABD4C /* Main.storyboard in Resources */,
			);
			runOnlyForDeploymentPostprocessing = 0;
		};
		9438A8461CBD073F00CABD4C /* Resources */ = {
			isa = PBXResourcesBuildPhase;
			buildActionMask = 2147483647;
			files = (
			);
			runOnlyForDeploymentPostprocessing = 0;
		};
		9438A8511CBD073F00CABD4C /* Resources */ = {
			isa = PBXResourcesBuildPhase;
			buildActionMask = 2147483647;
			files = (
			);
			runOnlyForDeploymentPostprocessing = 0;
		};
/* End PBXResourcesBuildPhase section */

/* Begin PBXSourcesBuildPhase section */
		9438A8301CBD073E00CABD4C /* Sources */ = {
			isa = PBXSourcesBuildPhase;
			buildActionMask = 2147483647;
			files = (
				9438A83A1CBD073E00CABD4C /* ViewController.swift in Sources */,
				9438A8381CBD073E00CABD4C /* AppDelegate.swift in Sources */,
			);
			runOnlyForDeploymentPostprocessing = 0;
		};
		9438A8441CBD073F00CABD4C /* Sources */ = {
			isa = PBXSourcesBuildPhase;
			buildActionMask = 2147483647;
			files = (
				9438A84D1CBD073F00CABD4C /* HelloWorldTests.swift in Sources */,
			);
			runOnlyForDeploymentPostprocessing = 0;
		};
		9438A84F1CBD073F00CABD4C /* Sources */ = {
			isa = PBXSourcesBuildPhase;
			buildActionMask = 2147483647;
			files = (
				9438A8581CBD073F00CABD4C /* HelloWorldUITests.swift in Sources */,
			);
			runOnlyForDeploymentPostprocessing = 0;
		};
/* End PBXSourcesBuildPhase section */

/* Begin PBXTargetDependency section */
		9438A84A1CBD073F00CABD4C /* PBXTargetDependency */ = {
			isa = PBXTargetDependency;
			target = 9438A8331CBD073E00CABD4C /* HelloWorld */;
			targetProxy = 9438A8491CBD073F00CABD4C /* PBXContainerItemProxy */;
		};
		9438A8551CBD073F00CABD4C /* PBXTargetDependency */ = {
			isa = PBXTargetDependency;
			target = 9438A8331CBD073E00CABD4C /* HelloWorld */;
			targetProxy = 9438A8541CBD073F00CABD4C /* PBXContainerItemProxy */;
		};
/* End PBXTargetDependency section */

/* Begin PBXVariantGroup section */
		9438A83B1CBD073E00CABD4C /* Main.storyboard */ = {
			isa = PBXVariantGroup;
			children = (
				9438A83C1CBD073E00CABD4C /* Base */,
			);
			name = Main.storyboard;
			sourceTree = "<group>";
		};
		9438A8401CBD073E00CABD4C /* LaunchScreen.storyboard */ = {
			isa = PBXVariantGroup;
			children = (
				9438A8411CBD073E00CABD4C /* Base */,
			);
			name = LaunchScreen.storyboard;
			sourceTree = "<group>";
		};
/* End PBXVariantGroup section */

/* Begin XCBuildConfiguration section */
		9438A85A1CBD073F00CABD4C /* Debug */ = {
			isa = XCBuildConfiguration;
			buildSettings = {
				ALWAYS_SEARCH_USER_PATHS = NO;
				CLANG_CXX_LANGUAGE_STANDARD = "gnu++0x";
				CLANG_CXX_LIBRARY = "libc++";
				CLANG_ENABLE_MODULES = YES;
				CLANG_ENABLE_OBJC_ARC = YES;
				CLANG_WARN_BOOL_CONVERSION = YES;
				CLANG_WARN_CONSTANT_CONVERSION = YES;
				CLANG_WARN_DIRECT_OBJC_ISA_USAGE = YES_ERROR;
				CLANG_WARN_EMPTY_BODY = YES;
				CLANG_WARN_ENUM_CONVERSION = YES;
				CLANG_WARN_INT_CONVERSION = YES;
				CLANG_WARN_OBJC_ROOT_CLASS = YES_ERROR;
				CLANG_WARN_UNREACHABLE_CODE = YES;
				CLANG_WARN__DUPLICATE_METHOD_MATCH = YES;
				"CODE_SIGN_IDENTITY[sdk=iphoneos*]" = "iPhone Developer";
				COPY_PHASE_STRIP = NO;
				DEBUG_INFORMATION_FORMAT = dwarf;
				ENABLE_STRICT_OBJC_MSGSEND = YES;
				ENABLE_TESTABILITY = YES;
				GCC_C_LANGUAGE_STANDARD = gnu99;
				GCC_DYNAMIC_NO_PIC = NO;
				GCC_NO_COMMON_BLOCKS = YES;
				GCC_OPTIMIZATION_LEVEL = 0;
				GCC_PREPROCESSOR_DEFINITIONS = (
					"DEBUG=1",
					"$(inherited)",
				);
				GCC_WARN_64_TO_32_BIT_CONVERSION = YES;
				GCC_WARN_ABOUT_RETURN_TYPE = YES_ERROR;
				GCC_WARN_UNDECLARED_SELECTOR = YES;
				GCC_WARN_UNINITIALIZED_AUTOS = YES_AGGRESSIVE;
				GCC_WARN_UNUSED_FUNCTION = YES;
				GCC_WARN_UNUSED_VARIABLE = YES;
				IPHONEOS_DEPLOYMENT_TARGET = 9.2;
				MTL_ENABLE_DEBUG_INFO = YES;
				ONLY_ACTIVE_ARCH = YES;
				SDKROOT = iphoneos;
				SWIFT_OPTIMIZATION_LEVEL = "-Onone";
			};
			name = Debug;
		};
		9438A85B1CBD073F00CABD4C /* Release */ = {
			isa = XCBuildConfiguration;
			buildSettings = {
				ALWAYS_SEARCH_USER_PATHS = NO;
				CLANG_CXX_LANGUAGE_STANDARD = "gnu++0x";
				CLANG_CXX_LIBRARY = "libc++";
				CLANG_ENABLE_MODULES = YES;
				CLANG_ENABLE_OBJC_ARC = YES;
				CLANG_WARN_BOOL_CONVERSION = YES;
				CLANG_WARN_CONSTANT_CONVERSION = YES;
				CLANG_WARN_DIRECT_OBJC_ISA_USAGE = YES_ERROR;
				CLANG_WARN_EMPTY_BODY = YES;
				CLANG_WARN_ENUM_CONVERSION = YES;
				CLANG_WARN_INT_CONVERSION = YES;
				CLANG_WARN_OBJC_ROOT_CLASS = YES_ERROR;
				CLANG_WARN_UNREACHABLE_CODE = YES;
				CLANG_WARN__DUPLICATE_METHOD_MATCH = YES;
				"CODE_SIGN_IDENTITY[sdk=iphoneos*]" = "iPhone Developer";
				COPY_PHASE_STRIP = NO;
				DEBUG_INFORMATION_FORMAT = "dwarf-with-dsym";
				ENABLE_NS_ASSERTIONS = NO;
				ENABLE_STRICT_OBJC_MSGSEND = YES;
				GCC_C_LANGUAGE_STANDARD = gnu99;
				GCC_NO_COMMON_BLOCKS = YES;
				GCC_WARN_64_TO_32_BIT_CONVERSION = YES;
				GCC_WARN_ABOUT_RETURN_TYPE = YES_ERROR;
				GCC_WARN_UNDECLARED_SELECTOR = YES;
				GCC_WARN_UNINITIALIZED_AUTOS = YES_AGGRESSIVE;
				GCC_WARN_UNUSED_FUNCTION = YES;
				GCC_WARN_UNUSED_VARIABLE = YES;
				IPHONEOS_DEPLOYMENT_TARGET = 9.2;
				MTL_ENABLE_DEBUG_INFO = NO;
				SDKROOT = iphoneos;
				VALIDATE_PRODUCT = YES;
			};
			name = Release;
		};
		9438A85D1CBD073F00CABD4C /* Debug */ = {
			isa = XCBuildConfiguration;
			buildSettings = {
				ASSETCATALOG_COMPILER_APPICON_NAME = AppIcon;
				INFOPLIST_FILE = HelloWorld/Info.plist;
				LD_RUNPATH_SEARCH_PATHS = "$(inherited) @executable_path/Frameworks";
				PRODUCT_BUNDLE_IDENTIFIER = co.jscon.HelloWorld;
				PRODUCT_NAME = "$(TARGET_NAME)";
			};
			name = Debug;
		};
		9438A85E1CBD073F00CABD4C /* Release */ = {
			isa = XCBuildConfiguration;
			buildSettings = {
				ASSETCATALOG_COMPILER_APPICON_NAME = AppIcon;
				INFOPLIST_FILE = HelloWorld/Info.plist;
				LD_RUNPATH_SEARCH_PATHS = "$(inherited) @executable_path/Frameworks";
				PRODUCT_BUNDLE_IDENTIFIER = co.jscon.HelloWorld;
				PRODUCT_NAME = "$(TARGET_NAME)";
			};
			name = Release;
		};
		9438A8601CBD073F00CABD4C /* Debug */ = {
			isa = XCBuildConfiguration;
			buildSettings = {
				BUNDLE_LOADER = "$(TEST_HOST)";
				INFOPLIST_FILE = HelloWorldTests/Info.plist;
				LD_RUNPATH_SEARCH_PATHS = "$(inherited) @executable_path/Frameworks @loader_path/Frameworks";
				PRODUCT_BUNDLE_IDENTIFIER = co.jscon.HelloWorldTests;
				PRODUCT_NAME = "$(TARGET_NAME)";
				TEST_HOST = "$(BUILT_PRODUCTS_DIR)/HelloWorld.app/HelloWorld";
			};
			name = Debug;
		};
		9438A8611CBD073F00CABD4C /* Release */ = {
			isa = XCBuildConfiguration;
			buildSettings = {
				BUNDLE_LOADER = "$(TEST_HOST)";
				INFOPLIST_FILE = HelloWorldTests/Info.plist;
				LD_RUNPATH_SEARCH_PATHS = "$(inherited) @executable_path/Frameworks @loader_path/Frameworks";
				PRODUCT_BUNDLE_IDENTIFIER = co.jscon.HelloWorldTests;
				PRODUCT_NAME = "$(TARGET_NAME)";
				TEST_HOST = "$(BUILT_PRODUCTS_DIR)/HelloWorld.app/HelloWorld";
			};
			name = Release;
		};
		9438A8631CBD073F00CABD4C /* Debug */ = {
			isa = XCBuildConfiguration;
			buildSettings = {
				INFOPLIST_FILE = HelloWorldUITests/Info.plist;
				LD_RUNPATH_SEARCH_PATHS = "$(inherited) @executable_path/Frameworks @loader_path/Frameworks";
				PRODUCT_BUNDLE_IDENTIFIER = co.jscon.HelloWorldUITests;
				PRODUCT_NAME = "$(TARGET_NAME)";
				TEST_TARGET_NAME = HelloWorld;
				USES_XCTRUNNER = YES;
			};
			name = Debug;
		};
		9438A8641CBD073F00CABD4C /* Release */ = {
			isa = XCBuildConfiguration;
			buildSettings = {
				INFOPLIST_FILE = HelloWorldUITests/Info.plist;
				LD_RUNPATH_SEARCH_PATHS = "$(inherited) @executable_path/Frameworks @loader_path/Frameworks";
				PRODUCT_BUNDLE_IDENTIFIER = co.jscon.HelloWorldUITests;
				PRODUCT_NAME = "$(TARGET_NAME)";
				TEST_TARGET_NAME = HelloWorld;
				USES_XCTRUNNER = YES;
			};
			name = Release;
		};
/* End XCBuildConfiguration section */

/* Begin XCConfigurationList section */
		9438A82F1CBD073E00CABD4C /* Build configuration list for PBXProject "HelloWorld" */ = {
			isa = XCConfigurationList;
			buildConfigurations = (
				9438A85A1CBD073F00CABD4C /* Debug */,
				9438A85B1CBD073F00CABD4C /* Release */,
			);
			defaultConfigurationIsVisible = 0;
			defaultConfigurationName = Release;
		};
		9438A85C1CBD073F00CABD4C /* Build configuration list for PBXNativeTarget "HelloWorld" */ = {
			isa = XCConfigurationList;
			buildConfigurations = (
				9438A85D1CBD073F00CABD4C /* Debug */,
				9438A85E1CBD073F00CABD4C /* Release */,
			);
			defaultConfigurationIsVisible = 0;
		};
		9438A85F1CBD073F00CABD4C /* Build configuration list for PBXNativeTarget "HelloWorldTests" */ = {
			isa = XCConfigurationList;
			buildConfigurations = (
				9438A8601CBD073F00CABD4C /* Debug */,
				9438A8611CBD073F00CABD4C /* Release */,
			);
			defaultConfigurationIsVisible = 0;
		};
		9438A8621CBD073F00CABD4C /* Build configuration list for PBXNativeTarget "HelloWorldUITests" */ = {
			isa = XCConfigurationList;
			buildConfigurations = (
				9438A8631CBD073F00CABD4C /* Debug */,
				9438A8641CBD073F00CABD4C /* Release */,
			);
			defaultConfigurationIsVisible = 0;
		};
/* End XCConfigurationList section */
	};
	rootObject = 9438A82C1CBD073E00CABD4C /* Project object */;
}
