// !$*UTF8*$!
{
	archiveVersion = 1;
	classes = {
	};
	objectVersion = 46;
	objects = {

/* Begin PBXBuildFile section */
		945361361D360D3A00C0DD52 /* AppDelegate.swift in Sources */ = {isa = PBXBuildFile; fileRef = 945361351D360D3A00C0DD52 /* AppDelegate.swift */; };
		945361381D360D3A00C0DD52 /* ViewController.swift in Sources */ = {isa = PBXBuildFile; fileRef = 945361371D360D3A00C0DD52 /* ViewController.swift */; };
		9453613B1D360D3A00C0DD52 /* Main.storyboard in Resources */ = {isa = PBXBuildFile; fileRef = 945361391D360D3A00C0DD52 /* Main.storyboard */; };
		9453613D1D360D3A00C0DD52 /* Assets.xcassets in Resources */ = {isa = PBXBuildFile; fileRef = 9453613C1D360D3A00C0DD52 /* Assets.xcassets */; };
		945361401D360D3A00C0DD52 /* LaunchScreen.storyboard in Resources */ = {isa = PBXBuildFile; fileRef = 9453613E1D360D3A00C0DD52 /* LaunchScreen.storyboard */; };
		9453614A1D360E3400C0DD52 /* Settings.bundle in Resources */ = {isa = PBXBuildFile; fileRef = 945361491D360E3400C0DD52 /* Settings.bundle */; };
/* End PBXBuildFile section */

/* Begin PBXFileReference section */
		945361321D360D3A00C0DD52 /* SettingsTest.app */ = {isa = PBXFileReference; explicitFileType = wrapper.application; includeInIndex = 0; path = SettingsTest.app; sourceTree = BUILT_PRODUCTS_DIR; };
		945361351D360D3A00C0DD52 /* AppDelegate.swift */ = {isa = PBXFileReference; lastKnownFileType = sourcecode.swift; path = AppDelegate.swift; sourceTree = "<group>"; };
		945361371D360D3A00C0DD52 /* ViewController.swift */ = {isa = PBXFileReference; lastKnownFileType = sourcecode.swift; path = ViewController.swift; sourceTree = "<group>"; };
		9453613A1D360D3A00C0DD52 /* Base */ = {isa = PBXFileReference; lastKnownFileType = file.storyboard; name = Base; path = Base.lproj/Main.storyboard; sourceTree = "<group>"; };
		9453613C1D360D3A00C0DD52 /* Assets.xcassets */ = {isa = PBXFileReference; lastKnownFileType = folder.assetcatalog; path = Assets.xcassets; sourceTree = "<group>"; };
		9453613F1D360D3A00C0DD52 /* Base */ = {isa = PBXFileReference; lastKnownFileType = file.storyboard; name = Base; path = Base.lproj/LaunchScreen.storyboard; sourceTree = "<group>"; };
		945361411D360D3A00C0DD52 /* Info.plist */ = {isa = PBXFileReference; lastKnownFileType = text.plist.xml; path = Info.plist; sourceTree = "<group>"; };
		945361491D360E3400C0DD52 /* Settings.bundle */ = {isa = PBXFileReference; lastKnownFileType = "wrapper.plug-in"; path = Settings.bundle; sourceTree = "<group>"; };
/* End PBXFileReference section */

/* Begin PBXFrameworksBuildPhase section */
		9453612F1D360D3A00C0DD52 /* Frameworks */ = {
			isa = PBXFrameworksBuildPhase;
			buildActionMask = 2147483647;
			files = (
			);
			runOnlyForDeploymentPostprocessing = 0;
		};
/* End PBXFrameworksBuildPhase section */

/* Begin PBXGroup section */
		945361291D360D3A00C0DD52 = {
			isa = PBXGroup;
			children = (
				945361341D360D3A00C0DD52 /* SettingsTest */,
				945361331D360D3A00C0DD52 /* Products */,
			);
			sourceTree = "<group>";
		};
		945361331D360D3A00C0DD52 /* Products */ = {
			isa = PBXGroup;
			children = (
				945361321D360D3A00C0DD52 /* SettingsTest.app */,
			);
			name = Products;
			sourceTree = "<group>";
		};
		945361341D360D3A00C0DD52 /* SettingsTest */ = {
			isa = PBXGroup;
			children = (
				945361351D360D3A00C0DD52 /* AppDelegate.swift */,
				945361371D360D3A00C0DD52 /* ViewController.swift */,
				945361391D360D3A00C0DD52 /* Main.storyboard */,
				9453613C1D360D3A00C0DD52 /* Assets.xcassets */,
				9453613E1D360D3A00C0DD52 /* LaunchScreen.storyboard */,
				945361411D360D3A00C0DD52 /* Info.plist */,
				945361491D360E3400C0DD52 /* Settings.bundle */,
			);
			path = SettingsTest;
			sourceTree = "<group>";
		};
/* End PBXGroup section */

/* Begin PBXNativeTarget section */
		945361311D360D3A00C0DD52 /* SettingsTest */ = {
			isa = PBXNativeTarget;
			buildConfigurationList = 945361441D360D3A00C0DD52 /* Build configuration list for PBXNativeTarget "SettingsTest" */;
			buildPhases = (
				9453612E1D360D3A00C0DD52 /* Sources */,
				9453612F1D360D3A00C0DD52 /* Frameworks */,
				945361301D360D3A00C0DD52 /* Resources */,
			);
			buildRules = (
			);
			dependencies = (
			);
			name = SettingsTest;
			productName = SettingsTest;
			productReference = 945361321D360D3A00C0DD52 /* SettingsTest.app */;
			productType = "com.apple.product-type.application";
		};
/* End PBXNativeTarget section */

/* Begin PBXProject section */
		9453612A1D360D3A00C0DD52 /* Project object */ = {
			isa = PBXProject;
			attributes = {
				LastSwiftUpdateCheck = 0730;
				LastUpgradeCheck = 0730;
				ORGANIZATIONNAME = JSCON;
				TargetAttributes = {
					945361311D360D3A00C0DD52 = {
						CreatedOnToolsVersion = 7.3.1;
					};
				};
			};
			buildConfigurationList = 9453612D1D360D3A00C0DD52 /* Build configuration list for PBXProject "SettingsTest" */;
			compatibilityVersion = "Xcode 3.2";
			developmentRegion = English;
			hasScannedForEncodings = 0;
			knownRegions = (
				en,
				Base,
			);
			mainGroup = 945361291D360D3A00C0DD52;
			productRefGroup = 945361331D360D3A00C0DD52 /* Products */;
			projectDirPath = "";
			projectRoot = "";
			targets = (
				945361311D360D3A00C0DD52 /* SettingsTest */,
			);
		};
/* End PBXProject section */

/* Begin PBXResourcesBuildPhase section */
		945361301D360D3A00C0DD52 /* Resources */ = {
			isa = PBXResourcesBuildPhase;
			buildActionMask = 2147483647;
			files = (
				9453614A1D360E3400C0DD52 /* Settings.bundle in Resources */,
				945361401D360D3A00C0DD52 /* LaunchScreen.storyboard in Resources */,
				9453613D1D360D3A00C0DD52 /* Assets.xcassets in Resources */,
				9453613B1D360D3A00C0DD52 /* Main.storyboard in Resources */,
			);
			runOnlyForDeploymentPostprocessing = 0;
		};
/* End PBXResourcesBuildPhase section */

/* Begin PBXSourcesBuildPhase section */
		9453612E1D360D3A00C0DD52 /* Sources */ = {
			isa = PBXSourcesBuildPhase;
			buildActionMask = 2147483647;
			files = (
				945361381D360D3A00C0DD52 /* ViewController.swift in Sources */,
				945361361D360D3A00C0DD52 /* AppDelegate.swift in Sources */,
			);
			runOnlyForDeploymentPostprocessing = 0;
		};
/* End PBXSourcesBuildPhase section */

/* Begin PBXVariantGroup section */
		945361391D360D3A00C0DD52 /* Main.storyboard */ = {
			isa = PBXVariantGroup;
			children = (
				9453613A1D360D3A00C0DD52 /* Base */,
			);
			name = Main.storyboard;
			sourceTree = "<group>";
		};
		9453613E1D360D3A00C0DD52 /* LaunchScreen.storyboard */ = {
			isa = PBXVariantGroup;
			children = (
				9453613F1D360D3A00C0DD52 /* Base */,
			);
			name = LaunchScreen.storyboard;
			sourceTree = "<group>";
		};
/* End PBXVariantGroup section */

/* Begin XCBuildConfiguration section */
		945361421D360D3A00C0DD52 /* Debug */ = {
			isa = XCBuildConfiguration;
			buildSettings = {
				ALWAYS_SEARCH_USER_PATHS = NO;
				CLANG_ANALYZER_NONNULL = YES;
				CLANG_CXX_LANGUAGE_STANDARD = "gnu++0x";
				CLANG_CXX_LIBRARY = "libc++";
				CLANG_ENABLE_MODULES = YES;
				CLANG_ENABLE_OBJC_ARC = YES;
				CLANG_WARN_BOOL_CONVERSION = YES;
				CLANG_WARN_CONSTANT_CONVERSION = YES;
				CLANG_WARN_DIRECT_OBJC_ISA_USAGE = YES_ERROR;
				CLANG_WARN_EMPTY_BODY = YES;
				CLANG_WARN_ENUM_CONVERSION = YES;
				CLANG_WARN_INT_CONVERSION = YES;
				CLANG_WARN_OBJC_ROOT_CLASS = YES_ERROR;
				CLANG_WARN_UNREACHABLE_CODE = YES;
				CLANG_WARN__DUPLICATE_METHOD_MATCH = YES;
				"CODE_SIGN_IDENTITY[sdk=iphoneos*]" = "iPhone Developer";
				COPY_PHASE_STRIP = NO;
				DEBUG_INFORMATION_FORMAT = dwarf;
				ENABLE_STRICT_OBJC_MSGSEND = YES;
				ENABLE_TESTABILITY = YES;
				GCC_C_LANGUAGE_STANDARD = gnu99;
				GCC_DYNAMIC_NO_PIC = NO;
				GCC_NO_COMMON_BLOCKS = YES;
				GCC_OPTIMIZATION_LEVEL = 0;
				GCC_PREPROCESSOR_DEFINITIONS = (
					"DEBUG=1",
					"$(inherited)",
				);
				GCC_WARN_64_TO_32_BIT_CONVERSION = YES;
				GCC_WARN_ABOUT_RETURN_TYPE = YES_ERROR;
				GCC_WARN_UNDECLARED_SELECTOR = YES;
				GCC_WARN_UNINITIALIZED_AUTOS = YES_AGGRESSIVE;
				GCC_WARN_UNUSED_FUNCTION = YES;
				GCC_WARN_UNUSED_VARIABLE = YES;
				IPHONEOS_DEPLOYMENT_TARGET = 9.3;
				MTL_ENABLE_DEBUG_INFO = YES;
				ONLY_ACTIVE_ARCH = YES;
				SDKROOT = iphoneos;
				SWIFT_OPTIMIZATION_LEVEL = "-Onone";
			};
			name = Debug;
		};
		945361431D360D3A00C0DD52 /* Release */ = {
			isa = XCBuildConfiguration;
			buildSettings = {
				ALWAYS_SEARCH_USER_PATHS = NO;
				CLANG_ANALYZER_NONNULL = YES;
				CLANG_CXX_LANGUAGE_STANDARD = "gnu++0x";
				CLANG_CXX_LIBRARY = "libc++";
				CLANG_ENABLE_MODULES = YES;
				CLANG_ENABLE_OBJC_ARC = YES;
				CLANG_WARN_BOOL_CONVERSION = YES;
				CLANG_WARN_CONSTANT_CONVERSION = YES;
				CLANG_WARN_DIRECT_OBJC_ISA_USAGE = YES_ERROR;
				CLANG_WARN_EMPTY_BODY = YES;
				CLANG_WARN_ENUM_CONVERSION = YES;
				CLANG_WARN_INT_CONVERSION = YES;
				CLANG_WARN_OBJC_ROOT_CLASS = YES_ERROR;
				CLANG_WARN_UNREACHABLE_CODE = YES;
				CLANG_WARN__DUPLICATE_METHOD_MATCH = YES;
				"CODE_SIGN_IDENTITY[sdk=iphoneos*]" = "iPhone Developer";
				COPY_PHASE_STRIP = NO;
				DEBUG_INFORMATION_FORMAT = "dwarf-with-dsym";
				ENABLE_NS_ASSERTIONS = NO;
				ENABLE_STRICT_OBJC_MSGSEND = YES;
				GCC_C_LANGUAGE_STANDARD = gnu99;
				GCC_NO_COMMON_BLOCKS = YES;
				GCC_WARN_64_TO_32_BIT_CONVERSION = YES;
				GCC_WARN_ABOUT_RETURN_TYPE = YES_ERROR;
				GCC_WARN_UNDECLARED_SELECTOR = YES;
				GCC_WARN_UNINITIALIZED_AUTOS = YES_AGGRESSIVE;
				GCC_WARN_UNUSED_FUNCTION = YES;
				GCC_WARN_UNUSED_VARIABLE = YES;
				IPHONEOS_DEPLOYMENT_TARGET = 9.3;
				MTL_ENABLE_DEBUG_INFO = NO;
				SDKROOT = iphoneos;
				VALIDATE_PRODUCT = YES;
			};
			name = Release;
		};
		945361451D360D3A00C0DD52 /* Debug */ = {
			isa = XCBuildConfiguration;
			buildSettings = {
				ASSETCATALOG_COMPILER_APPICON_NAME = AppIcon;
				INFOPLIST_FILE = SettingsTest/Info.plist;
				LD_RUNPATH_SEARCH_PATHS = "$(inherited) @executable_path/Frameworks";
				PRODUCT_BUNDLE_IDENTIFIER = co.jscon.SettingsTest;
				PRODUCT_NAME = "$(TARGET_NAME)";
			};
			name = Debug;
		};
		945361461D360D3A00C0DD52 /* Release */ = {
			isa = XCBuildConfiguration;
			buildSettings = {
				ASSETCATALOG_COMPILER_APPICON_NAME = AppIcon;
				INFOPLIST_FILE = SettingsTest/Info.plist;
				LD_RUNPATH_SEARCH_PATHS = "$(inherited) @executable_path/Frameworks";
				PRODUCT_BUNDLE_IDENTIFIER = co.jscon.SettingsTest;
				PRODUCT_NAME = "$(TARGET_NAME)";
			};
			name = Release;
		};
/* End XCBuildConfiguration section */

/* Begin XCConfigurationList section */
		9453612D1D360D3A00C0DD52 /* Build configuration list for PBXProject "SettingsTest" */ = {
			isa = XCConfigurationList;
			buildConfigurations = (
				945361421D360D3A00C0DD52 /* Debug */,
				945361431D360D3A00C0DD52 /* Release */,
			);
			defaultConfigurationIsVisible = 0;
			defaultConfigurationName = Release;
		};
		945361441D360D3A00C0DD52 /* Build configuration list for PBXNativeTarget "SettingsTest" */ = {
			isa = XCConfigurationList;
			buildConfigurations = (
				945361451D360D3A00C0DD52 /* Debug */,
				945361461D360D3A00C0DD52 /* Release */,
			);
			defaultConfigurationIsVisible = 0;
		};
/* End XCConfigurationList section */
	};
	rootObject = 9453612A1D360D3A00C0DD52 /* Project object */;
}
