// !$*UTF8*$!
{
	archiveVersion = 1;
	classes = {
	};
	objectVersion = 46;
	objects = {

/* Begin PBXBuildFile section */
		94060E361D07AE7500B96A2C /* AppDelegate.swift in Sources */ = {isa = PBXBuildFile; fileRef = 94060E351D07AE7500B96A2C /* AppDelegate.swift */; };
		94060E381D07AE7500B96A2C /* ViewController.swift in Sources */ = {isa = PBXBuildFile; fileRef = 94060E371D07AE7500B96A2C /* ViewController.swift */; };
		94060E3B1D07AE7500B96A2C /* Main.storyboard in Resources */ = {isa = PBXBuildFile; fileRef = 94060E391D07AE7500B96A2C /* Main.storyboard */; };
		94060E3D1D07AE7500B96A2C /* Assets.xcassets in Resources */ = {isa = PBXBuildFile; fileRef = 94060E3C1D07AE7500B96A2C /* Assets.xcassets */; };
		94060E401D07AE7500B96A2C /* LaunchScreen.storyboard in Resources */ = {isa = PBXBuildFile; fileRef = 94060E3E1D07AE7500B96A2C /* LaunchScreen.storyboard */; };
/* End PBXBuildFile section */

/* Begin PBXFileReference section */
		94060E321D07AE7500B96A2C /* ScrollingForms.app */ = {isa = PBXFileReference; explicitFileType = wrapper.application; includeInIndex = 0; path = ScrollingForms.app; sourceTree = BUILT_PRODUCTS_DIR; };
		94060E351D07AE7500B96A2C /* AppDelegate.swift */ = {isa = PBXFileReference; lastKnownFileType = sourcecode.swift; path = AppDelegate.swift; sourceTree = "<group>"; };
		94060E371D07AE7500B96A2C /* ViewController.swift */ = {isa = PBXFileReference; lastKnownFileType = sourcecode.swift; path = ViewController.swift; sourceTree = "<group>"; };
		94060E3A1D07AE7500B96A2C /* Base */ = {isa = PBXFileReference; lastKnownFileType = file.storyboard; name = Base; path = Base.lproj/Main.storyboard; sourceTree = "<group>"; };
		94060E3C1D07AE7500B96A2C /* Assets.xcassets */ = {isa = PBXFileReference; lastKnownFileType = folder.assetcatalog; path = Assets.xcassets; sourceTree = "<group>"; };
		94060E3F1D07AE7500B96A2C /* Base */ = {isa = PBXFileReference; lastKnownFileType = file.storyboard; name = Base; path = Base.lproj/LaunchScreen.storyboard; sourceTree = "<group>"; };
		94060E411D07AE7500B96A2C /* Info.plist */ = {isa = PBXFileReference; lastKnownFileType = text.plist.xml; path = Info.plist; sourceTree = "<group>"; };
/* End PBXFileReference section */

/* Begin PBXFrameworksBuildPhase section */
		94060E2F1D07AE7500B96A2C /* Frameworks */ = {
			isa = PBXFrameworksBuildPhase;
			buildActionMask = 2147483647;
			files = (
			);
			runOnlyForDeploymentPostprocessing = 0;
		};
/* End PBXFrameworksBuildPhase section */

/* Begin PBXGroup section */
		94060E291D07AE7500B96A2C = {
			isa = PBXGroup;
			children = (
				94060E341D07AE7500B96A2C /* ScrollingForms */,
				94060E331D07AE7500B96A2C /* Products */,
			);
			sourceTree = "<group>";
		};
		94060E331D07AE7500B96A2C /* Products */ = {
			isa = PBXGroup;
			children = (
				94060E321D07AE7500B96A2C /* ScrollingForms.app */,
			);
			name = Products;
			sourceTree = "<group>";
		};
		94060E341D07AE7500B96A2C /* ScrollingForms */ = {
			isa = PBXGroup;
			children = (
				94060E351D07AE7500B96A2C /* AppDelegate.swift */,
				94060E371D07AE7500B96A2C /* ViewController.swift */,
				94060E391D07AE7500B96A2C /* Main.storyboard */,
				94060E3C1D07AE7500B96A2C /* Assets.xcassets */,
				94060E3E1D07AE7500B96A2C /* LaunchScreen.storyboard */,
				94060E411D07AE7500B96A2C /* Info.plist */,
			);
			path = ScrollingForms;
			sourceTree = "<group>";
		};
/* End PBXGroup section */

/* Begin PBXNativeTarget section */
		94060E311D07AE7500B96A2C /* ScrollingForms */ = {
			isa = PBXNativeTarget;
			buildConfigurationList = 94060E441D07AE7500B96A2C /* Build configuration list for PBXNativeTarget "ScrollingForms" */;
			buildPhases = (
				94060E2E1D07AE7500B96A2C /* Sources */,
				94060E2F1D07AE7500B96A2C /* Frameworks */,
				94060E301D07AE7500B96A2C /* Resources */,
			);
			buildRules = (
			);
			dependencies = (
			);
			name = ScrollingForms;
			productName = ScrollingForms;
			productReference = 94060E321D07AE7500B96A2C /* ScrollingForms.app */;
			productType = "com.apple.product-type.application";
		};
/* End PBXNativeTarget section */

/* Begin PBXProject section */
		94060E2A1D07AE7500B96A2C /* Project object */ = {
			isa = PBXProject;
			attributes = {
				LastSwiftUpdateCheck = 0730;
				LastUpgradeCheck = 0730;
				ORGANIZATIONNAME = JSCON;
				TargetAttributes = {
					94060E311D07AE7500B96A2C = {
						CreatedOnToolsVersion = 7.3.1;
					};
				};
			};
			buildConfigurationList = 94060E2D1D07AE7500B96A2C /* Build configuration list for PBXProject "ScrollingForms" */;
			compatibilityVersion = "Xcode 3.2";
			developmentRegion = English;
			hasScannedForEncodings = 0;
			knownRegions = (
				en,
				Base,
			);
			mainGroup = 94060E291D07AE7500B96A2C;
			productRefGroup = 94060E331D07AE7500B96A2C /* Products */;
			projectDirPath = "";
			projectRoot = "";
			targets = (
				94060E311D07AE7500B96A2C /* ScrollingForms */,
			);
		};
/* End PBXProject section */

/* Begin PBXResourcesBuildPhase section */
		94060E301D07AE7500B96A2C /* Resources */ = {
			isa = PBXResourcesBuildPhase;
			buildActionMask = 2147483647;
			files = (
				94060E401D07AE7500B96A2C /* LaunchScreen.storyboard in Resources */,
				94060E3D1D07AE7500B96A2C /* Assets.xcassets in Resources */,
				94060E3B1D07AE7500B96A2C /* Main.storyboard in Resources */,
			);
			runOnlyForDeploymentPostprocessing = 0;
		};
/* End PBXResourcesBuildPhase section */

/* Begin PBXSourcesBuildPhase section */
		94060E2E1D07AE7500B96A2C /* Sources */ = {
			isa = PBXSourcesBuildPhase;
			buildActionMask = 2147483647;
			files = (
				94060E381D07AE7500B96A2C /* ViewController.swift in Sources */,
				94060E361D07AE7500B96A2C /* AppDelegate.swift in Sources */,
			);
			runOnlyForDeploymentPostprocessing = 0;
		};
/* End PBXSourcesBuildPhase section */

/* Begin PBXVariantGroup section */
		94060E391D07AE7500B96A2C /* Main.storyboard */ = {
			isa = PBXVariantGroup;
			children = (
				94060E3A1D07AE7500B96A2C /* Base */,
			);
			name = Main.storyboard;
			sourceTree = "<group>";
		};
		94060E3E1D07AE7500B96A2C /* LaunchScreen.storyboard */ = {
			isa = PBXVariantGroup;
			children = (
				94060E3F1D07AE7500B96A2C /* Base */,
			);
			name = LaunchScreen.storyboard;
			sourceTree = "<group>";
		};
/* End PBXVariantGroup section */

/* Begin XCBuildConfiguration section */
		94060E421D07AE7500B96A2C /* Debug */ = {
			isa = XCBuildConfiguration;
			buildSettings = {
				ALWAYS_SEARCH_USER_PATHS = NO;
				CLANG_ANALYZER_NONNULL = YES;
				CLANG_CXX_LANGUAGE_STANDARD = "gnu++0x";
				CLANG_CXX_LIBRARY = "libc++";
				CLANG_ENABLE_MODULES = YES;
				CLANG_ENABLE_OBJC_ARC = YES;
				CLANG_WARN_BOOL_CONVERSION = YES;
				CLANG_WARN_CONSTANT_CONVERSION = YES;
				CLANG_WARN_DIRECT_OBJC_ISA_USAGE = YES_ERROR;
				CLANG_WARN_EMPTY_BODY = YES;
				CLANG_WARN_ENUM_CONVERSION = YES;
				CLANG_WARN_INT_CONVERSION = YES;
				CLANG_WARN_OBJC_ROOT_CLASS = YES_ERROR;
				CLANG_WARN_UNREACHABLE_CODE = YES;
				CLANG_WARN__DUPLICATE_METHOD_MATCH = YES;
				"CODE_SIGN_IDENTITY[sdk=iphoneos*]" = "iPhone Developer";
				COPY_PHASE_STRIP = NO;
				DEBUG_INFORMATION_FORMAT = dwarf;
				ENABLE_STRICT_OBJC_MSGSEND = YES;
				ENABLE_TESTABILITY = YES;
				GCC_C_LANGUAGE_STANDARD = gnu99;
				GCC_DYNAMIC_NO_PIC = NO;
				GCC_NO_COMMON_BLOCKS = YES;
				GCC_OPTIMIZATION_LEVEL = 0;
				GCC_PREPROCESSOR_DEFINITIONS = (
					"DEBUG=1",
					"$(inherited)",
				);
				GCC_WARN_64_TO_32_BIT_CONVERSION = YES;
				GCC_WARN_ABOUT_RETURN_TYPE = YES_ERROR;
				GCC_WARN_UNDECLARED_SELECTOR = YES;
				GCC_WARN_UNINITIALIZED_AUTOS = YES_AGGRESSIVE;
				GCC_WARN_UNUSED_FUNCTION = YES;
				GCC_WARN_UNUSED_VARIABLE = YES;
				IPHONEOS_DEPLOYMENT_TARGET = 9.3;
				MTL_ENABLE_DEBUG_INFO = YES;
				ONLY_ACTIVE_ARCH = YES;
				SDKROOT = iphoneos;
				SWIFT_OPTIMIZATION_LEVEL = "-Onone";
			};
			name = Debug;
		};
		94060E431D07AE7500B96A2C /* Release */ = {
			isa = XCBuildConfiguration;
			buildSettings = {
				ALWAYS_SEARCH_USER_PATHS = NO;
				CLANG_ANALYZER_NONNULL = YES;
				CLANG_CXX_LANGUAGE_STANDARD = "gnu++0x";
				CLANG_CXX_LIBRARY = "libc++";
				CLANG_ENABLE_MODULES = YES;
				CLANG_ENABLE_OBJC_ARC = YES;
				CLANG_WARN_BOOL_CONVERSION = YES;
				CLANG_WARN_CONSTANT_CONVERSION = YES;
				CLANG_WARN_DIRECT_OBJC_ISA_USAGE = YES_ERROR;
				CLANG_WARN_EMPTY_BODY = YES;
				CLANG_WARN_ENUM_CONVERSION = YES;
				CLANG_WARN_INT_CONVERSION = YES;
				CLANG_WARN_OBJC_ROOT_CLASS = YES_ERROR;
				CLANG_WARN_UNREACHABLE_CODE = YES;
				CLANG_WARN__DUPLICATE_METHOD_MATCH = YES;
				"CODE_SIGN_IDENTITY[sdk=iphoneos*]" = "iPhone Developer";
				COPY_PHASE_STRIP = NO;
				DEBUG_INFORMATION_FORMAT = "dwarf-with-dsym";
				ENABLE_NS_ASSERTIONS = NO;
				ENABLE_STRICT_OBJC_MSGSEND = YES;
				GCC_C_LANGUAGE_STANDARD = gnu99;
				GCC_NO_COMMON_BLOCKS = YES;
				GCC_WARN_64_TO_32_BIT_CONVERSION = YES;
				GCC_WARN_ABOUT_RETURN_TYPE = YES_ERROR;
				GCC_WARN_UNDECLARED_SELECTOR = YES;
				GCC_WARN_UNINITIALIZED_AUTOS = YES_AGGRESSIVE;
				GCC_WARN_UNUSED_FUNCTION = YES;
				GCC_WARN_UNUSED_VARIABLE = YES;
				IPHONEOS_DEPLOYMENT_TARGET = 9.3;
				MTL_ENABLE_DEBUG_INFO = NO;
				SDKROOT = iphoneos;
				VALIDATE_PRODUCT = YES;
			};
			name = Release;
		};
		94060E451D07AE7500B96A2C /* Debug */ = {
			isa = XCBuildConfiguration;
			buildSettings = {
				ASSETCATALOG_COMPILER_APPICON_NAME = AppIcon;
				INFOPLIST_FILE = ScrollingForms/Info.plist;
				LD_RUNPATH_SEARCH_PATHS = "$(inherited) @executable_path/Frameworks";
				PRODUCT_BUNDLE_IDENTIFIER = co.jscon.ScrollingForms;
				PRODUCT_NAME = "$(TARGET_NAME)";
			};
			name = Debug;
		};
		94060E461D07AE7500B96A2C /* Release */ = {
			isa = XCBuildConfiguration;
			buildSettings = {
				ASSETCATALOG_COMPILER_APPICON_NAME = AppIcon;
				INFOPLIST_FILE = ScrollingForms/Info.plist;
				LD_RUNPATH_SEARCH_PATHS = "$(inherited) @executable_path/Frameworks";
				PRODUCT_BUNDLE_IDENTIFIER = co.jscon.ScrollingForms;
				PRODUCT_NAME = "$(TARGET_NAME)";
			};
			name = Release;
		};
/* End XCBuildConfiguration section */

/* Begin XCConfigurationList section */
		94060E2D1D07AE7500B96A2C /* Build configuration list for PBXProject "ScrollingForms" */ = {
			isa = XCConfigurationList;
			buildConfigurations = (
				94060E421D07AE7500B96A2C /* Debug */,
				94060E431D07AE7500B96A2C /* Release */,
			);
			defaultConfigurationIsVisible = 0;
			defaultConfigurationName = Release;
		};
		94060E441D07AE7500B96A2C /* Build configuration list for PBXNativeTarget "ScrollingForms" */ = {
			isa = XCConfigurationList;
			buildConfigurations = (
				94060E451D07AE7500B96A2C /* Debug */,
				94060E461D07AE7500B96A2C /* Release */,
			);
			defaultConfigurationIsVisible = 0;
		};
/* End XCConfigurationList section */
	};
	rootObject = 94060E2A1D07AE7500B96A2C /* Project object */;
}
