// !$*UTF8*$!
{
	archiveVersion = 1;
	classes = {
	};
	objectVersion = 46;
	objects = {

/* Begin PBXBuildFile section */
		945E79A01CCD0CD1009F009E /* AppDelegate.swift in Sources */ = {isa = PBXBuildFile; fileRef = 945E799F1CCD0CD1009F009E /* AppDelegate.swift */; };
		945E79A21CCD0CD1009F009E /* ViewController.swift in Sources */ = {isa = PBXBuildFile; fileRef = 945E79A11CCD0CD1009F009E /* ViewController.swift */; };
		945E79A51CCD0CD1009F009E /* Main.storyboard in Resources */ = {isa = PBXBuildFile; fileRef = 945E79A31CCD0CD1009F009E /* Main.storyboard */; };
		945E79A71CCD0CD1009F009E /* Assets.xcassets in Resources */ = {isa = PBXBuildFile; fileRef = 945E79A61CCD0CD1009F009E /* Assets.xcassets */; };
		945E79AA1CCD0CD1009F009E /* LaunchScreen.storyboard in Resources */ = {isa = PBXBuildFile; fileRef = 945E79A81CCD0CD1009F009E /* LaunchScreen.storyboard */; };
		945E79B21CCE7903009F009E /* FruitClass.swift in Sources */ = {isa = PBXBuildFile; fileRef = 945E79B11CCE7903009F009E /* FruitClass.swift */; };
		945E79B41CCE7A8B009F009E /* FruitDetailViewController.swift in Sources */ = {isa = PBXBuildFile; fileRef = 945E79B31CCE7A8B009F009E /* FruitDetailViewController.swift */; };
/* End PBXBuildFile section */

/* Begin PBXFileReference section */
		945E799C1CCD0CD1009F009E /* FruitList.app */ = {isa = PBXFileReference; explicitFileType = wrapper.application; includeInIndex = 0; path = FruitList.app; sourceTree = BUILT_PRODUCTS_DIR; };
		945E799F1CCD0CD1009F009E /* AppDelegate.swift */ = {isa = PBXFileReference; lastKnownFileType = sourcecode.swift; path = AppDelegate.swift; sourceTree = "<group>"; };
		945E79A11CCD0CD1009F009E /* ViewController.swift */ = {isa = PBXFileReference; lastKnownFileType = sourcecode.swift; path = ViewController.swift; sourceTree = "<group>"; };
		945E79A41CCD0CD1009F009E /* Base */ = {isa = PBXFileReference; lastKnownFileType = file.storyboard; name = Base; path = Base.lproj/Main.storyboard; sourceTree = "<group>"; };
		945E79A61CCD0CD1009F009E /* Assets.xcassets */ = {isa = PBXFileReference; lastKnownFileType = folder.assetcatalog; path = Assets.xcassets; sourceTree = "<group>"; };
		945E79A91CCD0CD1009F009E /* Base */ = {isa = PBXFileReference; lastKnownFileType = file.storyboard; name = Base; path = Base.lproj/LaunchScreen.storyboard; sourceTree = "<group>"; };
		945E79AB1CCD0CD1009F009E /* Info.plist */ = {isa = PBXFileReference; lastKnownFileType = text.plist.xml; path = Info.plist; sourceTree = "<group>"; };
		945E79B11CCE7903009F009E /* FruitClass.swift */ = {isa = PBXFileReference; fileEncoding = 4; lastKnownFileType = sourcecode.swift; path = FruitClass.swift; sourceTree = "<group>"; };
		945E79B31CCE7A8B009F009E /* FruitDetailViewController.swift */ = {isa = PBXFileReference; fileEncoding = 4; lastKnownFileType = sourcecode.swift; path = FruitDetailViewController.swift; sourceTree = "<group>"; };
/* End PBXFileReference section */

/* Begin PBXFrameworksBuildPhase section */
		945E79991CCD0CD1009F009E /* Frameworks */ = {
			isa = PBXFrameworksBuildPhase;
			buildActionMask = 2147483647;
			files = (
			);
			runOnlyForDeploymentPostprocessing = 0;
		};
/* End PBXFrameworksBuildPhase section */

/* Begin PBXGroup section */
		945E79931CCD0CD1009F009E = {
			isa = PBXGroup;
			children = (
				945E799E1CCD0CD1009F009E /* FruitList */,
				945E799D1CCD0CD1009F009E /* Products */,
			);
			sourceTree = "<group>";
		};
		945E799D1CCD0CD1009F009E /* Products */ = {
			isa = PBXGroup;
			children = (
				945E799C1CCD0CD1009F009E /* FruitList.app */,
			);
			name = Products;
			sourceTree = "<group>";
		};
		945E799E1CCD0CD1009F009E /* FruitList */ = {
			isa = PBXGroup;
			children = (
				945E799F1CCD0CD1009F009E /* AppDelegate.swift */,
				945E79A11CCD0CD1009F009E /* ViewController.swift */,
				945E79A31CCD0CD1009F009E /* Main.storyboard */,
				945E79A61CCD0CD1009F009E /* Assets.xcassets */,
				945E79A81CCD0CD1009F009E /* LaunchScreen.storyboard */,
				945E79AB1CCD0CD1009F009E /* Info.plist */,
				945E79B11CCE7903009F009E /* FruitClass.swift */,
				945E79B31CCE7A8B009F009E /* FruitDetailViewController.swift */,
			);
			path = FruitList;
			sourceTree = "<group>";
		};
/* End PBXGroup section */

/* Begin PBXNativeTarget section */
		945E799B1CCD0CD1009F009E /* FruitList */ = {
			isa = PBXNativeTarget;
			buildConfigurationList = 945E79AE1CCD0CD1009F009E /* Build configuration list for PBXNativeTarget "FruitList" */;
			buildPhases = (
				945E79981CCD0CD1009F009E /* Sources */,
				945E79991CCD0CD1009F009E /* Frameworks */,
				945E799A1CCD0CD1009F009E /* Resources */,
			);
			buildRules = (
			);
			dependencies = (
			);
			name = FruitList;
			productName = FruitList;
			productReference = 945E799C1CCD0CD1009F009E /* FruitList.app */;
			productType = "com.apple.product-type.application";
		};
/* End PBXNativeTarget section */

/* Begin PBXProject section */
		945E79941CCD0CD1009F009E /* Project object */ = {
			isa = PBXProject;
			attributes = {
				LastSwiftUpdateCheck = 0730;
				LastUpgradeCheck = 0730;
				ORGANIZATIONNAME = JSCON;
				TargetAttributes = {
					945E799B1CCD0CD1009F009E = {
						CreatedOnToolsVersion = 7.3;
					};
				};
			};
			buildConfigurationList = 945E79971CCD0CD1009F009E /* Build configuration list for PBXProject "FruitList" */;
			compatibilityVersion = "Xcode 3.2";
			developmentRegion = English;
			hasScannedForEncodings = 0;
			knownRegions = (
				en,
				Base,
			);
			mainGroup = 945E79931CCD0CD1009F009E;
			productRefGroup = 945E799D1CCD0CD1009F009E /* Products */;
			projectDirPath = "";
			projectRoot = "";
			targets = (
				945E799B1CCD0CD1009F009E /* FruitList */,
			);
		};
/* End PBXProject section */

/* Begin PBXResourcesBuildPhase section */
		945E799A1CCD0CD1009F009E /* Resources */ = {
			isa = PBXResourcesBuildPhase;
			buildActionMask = 2147483647;
			files = (
				945E79AA1CCD0CD1009F009E /* LaunchScreen.storyboard in Resources */,
				945E79A71CCD0CD1009F009E /* Assets.xcassets in Resources */,
				945E79A51CCD0CD1009F009E /* Main.storyboard in Resources */,
			);
			runOnlyForDeploymentPostprocessing = 0;
		};
/* End PBXResourcesBuildPhase section */

/* Begin PBXSourcesBuildPhase section */
		945E79981CCD0CD1009F009E /* Sources */ = {
			isa = PBXSourcesBuildPhase;
			buildActionMask = 2147483647;
			files = (
				945E79A21CCD0CD1009F009E /* ViewController.swift in Sources */,
				945E79A01CCD0CD1009F009E /* AppDelegate.swift in Sources */,
				945E79B41CCE7A8B009F009E /* FruitDetailViewController.swift in Sources */,
				945E79B21CCE7903009F009E /* FruitClass.swift in Sources */,
			);
			runOnlyForDeploymentPostprocessing = 0;
		};
/* End PBXSourcesBuildPhase section */

/* Begin PBXVariantGroup section */
		945E79A31CCD0CD1009F009E /* Main.storyboard */ = {
			isa = PBXVariantGroup;
			children = (
				945E79A41CCD0CD1009F009E /* Base */,
			);
			name = Main.storyboard;
			sourceTree = "<group>";
		};
		945E79A81CCD0CD1009F009E /* LaunchScreen.storyboard */ = {
			isa = PBXVariantGroup;
			children = (
				945E79A91CCD0CD1009F009E /* Base */,
			);
			name = LaunchScreen.storyboard;
			sourceTree = "<group>";
		};
/* End PBXVariantGroup section */

/* Begin XCBuildConfiguration section */
		945E79AC1CCD0CD1009F009E /* Debug */ = {
			isa = XCBuildConfiguration;
			buildSettings = {
				ALWAYS_SEARCH_USER_PATHS = NO;
				CLANG_ANALYZER_NONNULL = YES;
				CLANG_CXX_LANGUAGE_STANDARD = "gnu++0x";
				CLANG_CXX_LIBRARY = "libc++";
				CLANG_ENABLE_MODULES = YES;
				CLANG_ENABLE_OBJC_ARC = YES;
				CLANG_WARN_BOOL_CONVERSION = YES;
				CLANG_WARN_CONSTANT_CONVERSION = YES;
				CLANG_WARN_DIRECT_OBJC_ISA_USAGE = YES_ERROR;
				CLANG_WARN_EMPTY_BODY = YES;
				CLANG_WARN_ENUM_CONVERSION = YES;
				CLANG_WARN_INT_CONVERSION = YES;
				CLANG_WARN_OBJC_ROOT_CLASS = YES_ERROR;
				CLANG_WARN_UNREACHABLE_CODE = YES;
				CLANG_WARN__DUPLICATE_METHOD_MATCH = YES;
				"CODE_SIGN_IDENTITY[sdk=iphoneos*]" = "iPhone Developer";
				COPY_PHASE_STRIP = NO;
				DEBUG_INFORMATION_FORMAT = dwarf;
				ENABLE_STRICT_OBJC_MSGSEND = YES;
				ENABLE_TESTABILITY = YES;
				GCC_C_LANGUAGE_STANDARD = gnu99;
				GCC_DYNAMIC_NO_PIC = NO;
				GCC_NO_COMMON_BLOCKS = YES;
				GCC_OPTIMIZATION_LEVEL = 0;
				GCC_PREPROCESSOR_DEFINITIONS = (
					"DEBUG=1",
					"$(inherited)",
				);
				GCC_WARN_64_TO_32_BIT_CONVERSION = YES;
				GCC_WARN_ABOUT_RETURN_TYPE = YES_ERROR;
				GCC_WARN_UNDECLARED_SELECTOR = YES;
				GCC_WARN_UNINITIALIZED_AUTOS = YES_AGGRESSIVE;
				GCC_WARN_UNUSED_FUNCTION = YES;
				GCC_WARN_UNUSED_VARIABLE = YES;
				IPHONEOS_DEPLOYMENT_TARGET = 9.3;
				MTL_ENABLE_DEBUG_INFO = YES;
				ONLY_ACTIVE_ARCH = YES;
				SDKROOT = iphoneos;
				SWIFT_OPTIMIZATION_LEVEL = "-Onone";
			};
			name = Debug;
		};
		945E79AD1CCD0CD1009F009E /* Release */ = {
			isa = XCBuildConfiguration;
			buildSettings = {
				ALWAYS_SEARCH_USER_PATHS = NO;
				CLANG_ANALYZER_NONNULL = YES;
				CLANG_CXX_LANGUAGE_STANDARD = "gnu++0x";
				CLANG_CXX_LIBRARY = "libc++";
				CLANG_ENABLE_MODULES = YES;
				CLANG_ENABLE_OBJC_ARC = YES;
				CLANG_WARN_BOOL_CONVERSION = YES;
				CLANG_WARN_CONSTANT_CONVERSION = YES;
				CLANG_WARN_DIRECT_OBJC_ISA_USAGE = YES_ERROR;
				CLANG_WARN_EMPTY_BODY = YES;
				CLANG_WARN_ENUM_CONVERSION = YES;
				CLANG_WARN_INT_CONVERSION = YES;
				CLANG_WARN_OBJC_ROOT_CLASS = YES_ERROR;
				CLANG_WARN_UNREACHABLE_CODE = YES;
				CLANG_WARN__DUPLICATE_METHOD_MATCH = YES;
				"CODE_SIGN_IDENTITY[sdk=iphoneos*]" = "iPhone Developer";
				COPY_PHASE_STRIP = NO;
				DEBUG_INFORMATION_FORMAT = "dwarf-with-dsym";
				ENABLE_NS_ASSERTIONS = NO;
				ENABLE_STRICT_OBJC_MSGSEND = YES;
				GCC_C_LANGUAGE_STANDARD = gnu99;
				GCC_NO_COMMON_BLOCKS = YES;
				GCC_WARN_64_TO_32_BIT_CONVERSION = YES;
				GCC_WARN_ABOUT_RETURN_TYPE = YES_ERROR;
				GCC_WARN_UNDECLARED_SELECTOR = YES;
				GCC_WARN_UNINITIALIZED_AUTOS = YES_AGGRESSIVE;
				GCC_WARN_UNUSED_FUNCTION = YES;
				GCC_WARN_UNUSED_VARIABLE = YES;
				IPHONEOS_DEPLOYMENT_TARGET = 9.3;
				MTL_ENABLE_DEBUG_INFO = NO;
				SDKROOT = iphoneos;
				VALIDATE_PRODUCT = YES;
			};
			name = Release;
		};
		945E79AF1CCD0CD1009F009E /* Debug */ = {
			isa = XCBuildConfiguration;
			buildSettings = {
				ASSETCATALOG_COMPILER_APPICON_NAME = AppIcon;
				INFOPLIST_FILE = FruitList/Info.plist;
				LD_RUNPATH_SEARCH_PATHS = "$(inherited) @executable_path/Frameworks";
				PRODUCT_BUNDLE_IDENTIFIER = co.jscon.FruitList;
				PRODUCT_NAME = "$(TARGET_NAME)";
			};
			name = Debug;
		};
		945E79B01CCD0CD1009F009E /* Release */ = {
			isa = XCBuildConfiguration;
			buildSettings = {
				ASSETCATALOG_COMPILER_APPICON_NAME = AppIcon;
				INFOPLIST_FILE = FruitList/Info.plist;
				LD_RUNPATH_SEARCH_PATHS = "$(inherited) @executable_path/Frameworks";
				PRODUCT_BUNDLE_IDENTIFIER = co.jscon.FruitList;
				PRODUCT_NAME = "$(TARGET_NAME)";
			};
			name = Release;
		};
/* End XCBuildConfiguration section */

/* Begin XCConfigurationList section */
		945E79971CCD0CD1009F009E /* Build configuration list for PBXProject "FruitList" */ = {
			isa = XCConfigurationList;
			buildConfigurations = (
				945E79AC1CCD0CD1009F009E /* Debug */,
				945E79AD1CCD0CD1009F009E /* Release */,
			);
			defaultConfigurationIsVisible = 0;
			defaultConfigurationName = Release;
		};
		945E79AE1CCD0CD1009F009E /* Build configuration list for PBXNativeTarget "FruitList" */ = {
			isa = XCConfigurationList;
			buildConfigurations = (
				945E79AF1CCD0CD1009F009E /* Debug */,
				945E79B01CCD0CD1009F009E /* Release */,
			);
			defaultConfigurationIsVisible = 0;
		};
/* End XCConfigurationList section */
	};
	rootObject = 945E79941CCD0CD1009F009E /* Project object */;
}
